
Microsoft Visual Studio Solution File, Format Version 12.00
# Visual Studio Version 16
VisualStudioVersion = 16.0.30413.136
MinimumVisualStudioVersion = 10.0.40219.1
Project("{FAE04EC0-301F-11D3-BF4B-00C04F79EFBC}") = "UserEntry", "UserEntry\UserEntry.csproj", "{64643900-1F18-4231-973A-3E9C8CC02F12}"
EndProject
Global
	GlobalSection(SolutionConfigurationPlatforms) = preSolution
		Debug|Any CPU = Debug|Any CPU
		Release|Any CPU = Release|Any CPU
	EndGlobalSection
	GlobalSection(ProjectConfigurationPlatforms) = postSolution
		{64643900-1F18-4231-973A-3E9C8CC02F12}.Debug|Any CPU.ActiveCfg = Debug|Any CPU
		{64643900-1F18-4231-973A-3E9C8CC02F12}.Debug|Any CPU.Build.0 = Debug|Any CPU
		{64643900-1F18-4231-973A-3E9C8CC02F12}.Release|Any CPU.ActiveCfg = Release|Any CPU
		{64643900-1F18-4231-973A-3E9C8CC02F12}.Release|Any CPU.Build.0 = Release|Any CPU
	EndGlobalSection
	GlobalSection(SolutionProperties) = preSolution
		HideSolutionNode = FALSE
	EndGlobalSection
	GlobalSection(ExtensibilityGlobals) = postSolution
		SolutionGuid = {9093D6A5-9CAC-413F-BDFD-2E87EB4B37A0}
	EndGlobalSection
EndGlobal
